
Microsoft Visual Studio Solution File, Format Version 12.00
# Visual Studio 15
VisualStudioVersion = 15.0.28010.2046
MinimumVisualStudioVersion = 10.0.40219.1
Project("{FAE04EC0-301F-11D3-BF4B-00C04F79EFBC}") = "CustomBlueprints", "CustomBlueprints\CustomBlueprints.csproj", "{DF94F820-89C7-4149-83A4-2DA2F8CFDB99}"
EndProject
Project("{FAE04EC0-301F-11D3-BF4B-00C04F79EFBC}") = "Decompiler", "Decompiler\Decompiler.csproj", "{13915D4F-2C35-4486-8695-46CDCB2FBD4D}"
EndProject
Global
	GlobalSection(SolutionConfigurationPlatforms) = preSolution
		Debug Install|Any CPU = Debug Install|Any CPU
		Debug|Any CPU = Debug|Any CPU
		Release|Any CPU = Release|Any CPU
	EndGlobalSection
	GlobalSection(ProjectConfigurationPlatforms) = postSolution
		{DF94F820-89C7-4149-83A4-2DA2F8CFDB99}.Debug Install|Any CPU.ActiveCfg = Debug Install|Any CPU
		{DF94F820-89C7-4149-83A4-2DA2F8CFDB99}.Debug Install|Any CPU.Build.0 = Debug Install|Any CPU
		{DF94F820-89C7-4149-83A4-2DA2F8CFDB99}.Debug|Any CPU.ActiveCfg = Debug|Any CPU
		{DF94F820-89C7-4149-83A4-2DA2F8CFDB99}.Debug|Any CPU.Build.0 = Debug|Any CPU
		{DF94F820-89C7-4149-83A4-2DA2F8CFDB99}.Release|Any CPU.ActiveCfg = Release|Any CPU
		{DF94F820-89C7-4149-83A4-2DA2F8CFDB99}.Release|Any CPU.Build.0 = Release|Any CPU
		{13915D4F-2C35-4486-8695-46CDCB2FBD4D}.Debug Install|Any CPU.ActiveCfg = Debug|Any CPU
		{13915D4F-2C35-4486-8695-46CDCB2FBD4D}.Debug Install|Any CPU.Build.0 = Debug|Any CPU
		{13915D4F-2C35-4486-8695-46CDCB2FBD4D}.Debug|Any CPU.ActiveCfg = Debug|Any CPU
		{13915D4F-2C35-4486-8695-46CDCB2FBD4D}.Debug|Any CPU.Build.0 = Debug|Any CPU
		{13915D4F-2C35-4486-8695-46CDCB2FBD4D}.Release|Any CPU.ActiveCfg = Release|Any CPU
		{13915D4F-2C35-4486-8695-46CDCB2FBD4D}.Release|Any CPU.Build.0 = Release|Any CPU
	EndGlobalSection
	GlobalSection(SolutionProperties) = preSolution
		HideSolutionNode = FALSE
	EndGlobalSection
	GlobalSection(ExtensibilityGlobals) = postSolution
		SolutionGuid = {9B5B8F50-8336-4FA1-9F1A-F548AA69A1DC}
	EndGlobalSection
EndGlobal
