
Microsoft Visual Studio Solution File, Format Version 12.00
# Visual Studio Version 16
VisualStudioVersion = 16.0.30709.132
MinimumVisualStudioVersion = 10.0.40219.1
Project("{FAE04EC0-301F-11D3-BF4B-00C04F79EFBC}") = "KingmakerDataminer", "KingmakerDataminer\KingmakerDataminer.csproj", "{DF94F820-89C7-4149-83A4-2DA2F8CFDB99}"
EndProject
Global
	GlobalSection(SolutionConfigurationPlatforms) = preSolution
		Debug Install|Any CPU = Debug Install|Any CPU
		Debug|Any CPU = Debug|Any CPU
		Release|Any CPU = Release|Any CPU
	EndGlobalSection
	GlobalSection(ProjectConfigurationPlatforms) = postSolution
		{DF94F820-89C7-4149-83A4-2DA2F8CFDB99}.Debug Install|Any CPU.ActiveCfg = Debug Install|Any CPU
		{DF94F820-89C7-4149-83A4-2DA2F8CFDB99}.Debug Install|Any CPU.Build.0 = Debug Install|Any CPU
		{DF94F820-89C7-4149-83A4-2DA2F8CFDB99}.Debug|Any CPU.ActiveCfg = Debug|Any CPU
		{DF94F820-89C7-4149-83A4-2DA2F8CFDB99}.Debug|Any CPU.Build.0 = Debug|Any CPU
		{DF94F820-89C7-4149-83A4-2DA2F8CFDB99}.Release|Any CPU.ActiveCfg = Release|Any CPU
		{DF94F820-89C7-4149-83A4-2DA2F8CFDB99}.Release|Any CPU.Build.0 = Release|Any CPU
	EndGlobalSection
	GlobalSection(SolutionProperties) = preSolution
		HideSolutionNode = FALSE
	EndGlobalSection
	GlobalSection(ExtensibilityGlobals) = postSolution
		SolutionGuid = {9B5B8F50-8336-4FA1-9F1A-F548AA69A1DC}
	EndGlobalSection
EndGlobal
